// !$*UTF8*$!
{
	archiveVersion = 1;
	classes = {
	};
	objectVersion = 51;
	objects = {

/* Begin PBXBuildFile section */
		221D9D2A243E16990078B019 /* Chord.swift in Sources */ = {isa = PBXBuildFile; fileRef = 221D9D29243E16990078B019 /* Chord.swift */; };
		221D9D2C243E25C40078B019 /* AnalysePermutationOldVersions.swift in Sources */ = {isa = PBXBuildFile; fileRef = 221D9D2B243E25C40078B019 /* AnalysePermutationOldVersions.swift */; };
		2290CD7C24AAC1F9002CE6C0 /* AppIcon.icns in Resources */ = {isa = PBXBuildFile; fileRef = 2290CD7B24AAC1F9002CE6C0 /* AppIcon.icns */; };
		22A6E88F2439FECD0091C295 /* AppDelegate.swift in Sources */ = {isa = PBXBuildFile; fileRef = 22A6E88E2439FECD0091C295 /* AppDelegate.swift */; };
		22A6E8912439FECD0091C295 /* ViewController.swift in Sources */ = {isa = PBXBuildFile; fileRef = 22A6E8902439FECD0091C295 /* ViewController.swift */; };
		22A6E8942439FECD0091C295 /* MIDIAnalyser.xcdatamodeld in Sources */ = {isa = PBXBuildFile; fileRef = 22A6E8922439FECD0091C295 /* MIDIAnalyser.xcdatamodeld */; };
		22A6E8962439FECE0091C295 /* Assets.xcassets in Resources */ = {isa = PBXBuildFile; fileRef = 22A6E8952439FECE0091C295 /* Assets.xcassets */; };
		22A6E8992439FECE0091C295 /* Main.storyboard in Resources */ = {isa = PBXBuildFile; fileRef = 22A6E8972439FECE0091C295 /* Main.storyboard */; };
		22A6E8C2243A04370091C295 /* ChordAnalyser.swift in Sources */ = {isa = PBXBuildFile; fileRef = 22A6E8C1243A04370091C295 /* ChordAnalyser.swift */; };
		22A6E8C4243A04450091C295 /* Keyboard.swift in Sources */ = {isa = PBXBuildFile; fileRef = 22A6E8C3243A04450091C295 /* Keyboard.swift */; };
		22A6E8C7243A1B190091C295 /* AudioKit.framework in Frameworks */ = {isa = PBXBuildFile; fileRef = 22A6E8C6243A1B190091C295 /* AudioKit.framework */; };
		22A6E8C8243A1B190091C295 /* AudioKit.framework in Embed Frameworks */ = {isa = PBXBuildFile; fileRef = 22A6E8C6243A1B190091C295 /* AudioKit.framework */; settings = {ATTRIBUTES = (CodeSignOnCopy, RemoveHeadersOnCopy, ); }; };
/* End PBXBuildFile section */

/* Begin PBXCopyFilesBuildPhase section */
		22A6E8C9243A1B190091C295 /* Embed Frameworks */ = {
			isa = PBXCopyFilesBuildPhase;
			buildActionMask = 2147483647;
			dstPath = "";
			dstSubfolderSpec = 10;
			files = (
				22A6E8C8243A1B190091C295 /* AudioKit.framework in Embed Frameworks */,
			);
			name = "Embed Frameworks";
			runOnlyForDeploymentPostprocessing = 0;
		};
/* End PBXCopyFilesBuildPhase section */

/* Begin PBXFileReference section */
		221D9D29243E16990078B019 /* Chord.swift */ = {isa = PBXFileReference; lastKnownFileType = sourcecode.swift; path = Chord.swift; sourceTree = "<group>"; };
		221D9D2B243E25C40078B019 /* AnalysePermutationOldVersions.swift */ = {isa = PBXFileReference; lastKnownFileType = sourcecode.swift; path = AnalysePermutationOldVersions.swift; sourceTree = "<group>"; };
		2290CD7B24AAC1F9002CE6C0 /* AppIcon.icns */ = {isa = PBXFileReference; lastKnownFileType = image.icns; name = AppIcon.icns; path = MIDIAnalyser/AppIcon.icns; sourceTree = SOURCE_ROOT; };
		22A6E88B2439FECD0091C295 /* MIDIAnalyser.app */ = {isa = PBXFileReference; explicitFileType = wrapper.application; includeInIndex = 0; path = MIDIAnalyser.app; sourceTree = BUILT_PRODUCTS_DIR; };
		22A6E88E2439FECD0091C295 /* AppDelegate.swift */ = {isa = PBXFileReference; lastKnownFileType = sourcecode.swift; path = AppDelegate.swift; sourceTree = "<group>"; };
		22A6E8902439FECD0091C295 /* ViewController.swift */ = {isa = PBXFileReference; lastKnownFileType = sourcecode.swift; path = ViewController.swift; sourceTree = "<group>"; };
		22A6E8932439FECD0091C295 /* MIDIAnalyser.xcdatamodel */ = {isa = PBXFileReference; lastKnownFileType = wrapper.xcdatamodel; path = MIDIAnalyser.xcdatamodel; sourceTree = "<group>"; };
		22A6E8952439FECE0091C295 /* Assets.xcassets */ = {isa = PBXFileReference; lastKnownFileType = folder.assetcatalog; path = Assets.xcassets; sourceTree = "<group>"; };
		22A6E8982439FECE0091C295 /* Base */ = {isa = PBXFileReference; lastKnownFileType = file.storyboard; name = Base; path = Base.lproj/Main.storyboard; sourceTree = "<group>"; };
		22A6E89A2439FECE0091C295 /* Info.plist */ = {isa = PBXFileReference; lastKnownFileType = text.plist.xml; path = Info.plist; sourceTree = "<group>"; };
		22A6E89B2439FECE0091C295 /* MIDIAnalyser.entitlements */ = {isa = PBXFileReference; lastKnownFileType = text.plist.entitlements; path = MIDIAnalyser.entitlements; sourceTree = "<group>"; };
		22A6E8C1243A04370091C295 /* ChordAnalyser.swift */ = {isa = PBXFileReference; lastKnownFileType = sourcecode.swift; path = ChordAnalyser.swift; sourceTree = "<group>"; };
		22A6E8C3243A04450091C295 /* Keyboard.swift */ = {isa = PBXFileReference; lastKnownFileType = sourcecode.swift; path = Keyboard.swift; sourceTree = "<group>"; };
		22A6E8C6243A1B190091C295 /* AudioKit.framework */ = {isa = PBXFileReference; lastKnownFileType = wrapper.framework; name = AudioKit.framework; path = MIDIAnalyser/AudioKit.framework; sourceTree = "<group>"; };
/* End PBXFileReference section */

/* Begin PBXFrameworksBuildPhase section */
		22A6E8882439FECD0091C295 /* Frameworks */ = {
			isa = PBXFrameworksBuildPhase;
			buildActionMask = 2147483647;
			files = (
				22A6E8C7243A1B190091C295 /* AudioKit.framework in Frameworks */,
			);
			runOnlyForDeploymentPostprocessing = 0;
		};
/* End PBXFrameworksBuildPhase section */

/* Begin PBXGroup section */
		22A6E8822439FECD0091C295 = {
			isa = PBXGroup;
			children = (
				22A6E88D2439FECD0091C295 /* MIDIAnalyser */,
				22A6E88C2439FECD0091C295 /* Products */,
				22A6E8C5243A1B190091C295 /* Frameworks */,
			);
			sourceTree = "<group>";
		};
		22A6E88C2439FECD0091C295 /* Products */ = {
			isa = PBXGroup;
			children = (
				22A6E88B2439FECD0091C295 /* MIDIAnalyser.app */,
			);
			name = Products;
			sourceTree = "<group>";
		};
		22A6E88D2439FECD0091C295 /* MIDIAnalyser */ = {
			isa = PBXGroup;
			children = (
				22A6E8BF243A03910091C295 /* Chord Analyser */,
				22A6E8C0243A03A60091C295 /* View Controllers */,
				22A6E88E2439FECD0091C295 /* AppDelegate.swift */,
				22A6E8902439FECD0091C295 /* ViewController.swift */,
				22A6E8952439FECE0091C295 /* Assets.xcassets */,
				22A6E8972439FECE0091C295 /* Main.storyboard */,
				22A6E89A2439FECE0091C295 /* Info.plist */,
				22A6E89B2439FECE0091C295 /* MIDIAnalyser.entitlements */,
				22A6E8922439FECD0091C295 /* MIDIAnalyser.xcdatamodeld */,
				2290CD7B24AAC1F9002CE6C0 /* AppIcon.icns */,
			);
			path = MIDIAnalyser;
			sourceTree = "<group>";
		};
		22A6E8BF243A03910091C295 /* Chord Analyser */ = {
			isa = PBXGroup;
			children = (
				22A6E8C3243A04450091C295 /* Keyboard.swift */,
				22A6E8C1243A04370091C295 /* ChordAnalyser.swift */,
				221D9D2B243E25C40078B019 /* AnalysePermutationOldVersions.swift */,
				221D9D29243E16990078B019 /* Chord.swift */,
			);
			path = "Chord Analyser";
			sourceTree = "<group>";
		};
		22A6E8C0243A03A60091C295 /* View Controllers */ = {
			isa = PBXGroup;
			children = (
			);
			path = "View Controllers";
			sourceTree = "<group>";
		};
		22A6E8C5243A1B190091C295 /* Frameworks */ = {
			isa = PBXGroup;
			children = (
				22A6E8C6243A1B190091C295 /* AudioKit.framework */,
			);
			name = Frameworks;
			sourceTree = "<group>";
		};
/* End PBXGroup section */

/* Begin PBXNativeTarget section */
		22A6E88A2439FECD0091C295 /* MIDIAnalyser */ = {
			isa = PBXNativeTarget;
			buildConfigurationList = 22A6E8B42439FECE0091C295 /* Build configuration list for PBXNativeTarget "MIDIAnalyser" */;
			buildPhases = (
				22A6E8872439FECD0091C295 /* Sources */,
				22A6E8882439FECD0091C295 /* Frameworks */,
				22A6E8892439FECD0091C295 /* Resources */,
				22A6E8C9243A1B190091C295 /* Embed Frameworks */,
			);
			buildRules = (
			);
			dependencies = (
			);
			name = MIDIAnalyser;
			productName = MIDIAnalyser;
			productReference = 22A6E88B2439FECD0091C295 /* MIDIAnalyser.app */;
			productType = "com.apple.product-type.application";
		};
/* End PBXNativeTarget section */

/* Begin PBXProject section */
		22A6E8832439FECD0091C295 /* Project object */ = {
			isa = PBXProject;
			attributes = {
				LastSwiftUpdateCheck = 1140;
				LastUpgradeCheck = 1140;
				ORGANIZATIONNAME = "Tim Brewis";
				TargetAttributes = {
					22A6E88A2439FECD0091C295 = {
						CreatedOnToolsVersion = 11.4;
					};
				};
			};
			buildConfigurationList = 22A6E8862439FECD0091C295 /* Build configuration list for PBXProject "MIDIAnalyser" */;
			compatibilityVersion = "Xcode 10.0";
			developmentRegion = en;
			hasScannedForEncodings = 0;
			knownRegions = (
				en,
				Base,
			);
			mainGroup = 22A6E8822439FECD0091C295;
			productRefGroup = 22A6E88C2439FECD0091C295 /* Products */;
			projectDirPath = "";
			projectRoot = "";
			targets = (
				22A6E88A2439FECD0091C295 /* MIDIAnalyser */,
			);
		};
/* End PBXProject section */

/* Begin PBXResourcesBuildPhase section */
		22A6E8892439FECD0091C295 /* Resources */ = {
			isa = PBXResourcesBuildPhase;
			buildActionMask = 2147483647;
			files = (
				22A6E8962439FECE0091C295 /* Assets.xcassets in Resources */,
				2290CD7C24AAC1F9002CE6C0 /* AppIcon.icns in Resources */,
				22A6E8992439FECE0091C295 /* Main.storyboard in Resources */,
			);
			runOnlyForDeploymentPostprocessing = 0;
		};
/* End PBXResourcesBuildPhase section */

/* Begin PBXSourcesBuildPhase section */
		22A6E8872439FECD0091C295 /* Sources */ = {
			isa = PBXSourcesBuildPhase;
			buildActionMask = 2147483647;
			files = (
				221D9D2A243E16990078B019 /* Chord.swift in Sources */,
				22A6E8912439FECD0091C295 /* ViewController.swift in Sources */,
				22A6E8C4243A04450091C295 /* Keyboard.swift in Sources */,
				22A6E8C2243A04370091C295 /* ChordAnalyser.swift in Sources */,
				221D9D2C243E25C40078B019 /* AnalysePermutationOldVersions.swift in Sources */,
				22A6E88F2439FECD0091C295 /* AppDelegate.swift in Sources */,
				22A6E8942439FECD0091C295 /* MIDIAnalyser.xcdatamodeld in Sources */,
			);
			runOnlyForDeploymentPostprocessing = 0;
		};
/* End PBXSourcesBuildPhase section */

/* Begin PBXVariantGroup section */
		22A6E8972439FECE0091C295 /* Main.storyboard */ = {
			isa = PBXVariantGroup;
			children = (
				22A6E8982439FECE0091C295 /* Base */,
			);
			name = Main.storyboard;
			sourceTree = "<group>";
		};
/* End PBXVariantGroup section */

/* Begin XCBuildConfiguration section */
		22A6E8B22439FECE0091C295 /* Debug */ = {
			isa = XCBuildConfiguration;
			buildSettings = {
				ALWAYS_SEARCH_USER_PATHS = NO;
				CLANG_ANALYZER_NONNULL = YES;
				CLANG_ANALYZER_NUMBER_OBJECT_CONVERSION = YES_AGGRESSIVE;
				CLANG_CXX_LANGUAGE_STANDARD = "gnu++14";
				CLANG_CXX_LIBRARY = "libc++";
				CLANG_ENABLE_MODULES = YES;
				CLANG_ENABLE_OBJC_ARC = YES;
				CLANG_ENABLE_OBJC_WEAK = YES;
				CLANG_WARN_BLOCK_CAPTURE_AUTORELEASING = YES;
				CLANG_WARN_BOOL_CONVERSION = YES;
				CLANG_WARN_COMMA = YES;
				CLANG_WARN_CONSTANT_CONVERSION = YES;
				CLANG_WARN_DEPRECATED_OBJC_IMPLEMENTATIONS = YES;
				CLANG_WARN_DIRECT_OBJC_ISA_USAGE = YES_ERROR;
				CLANG_WARN_DOCUMENTATION_COMMENTS = YES;
				CLANG_WARN_EMPTY_BODY = YES;
				CLANG_WARN_ENUM_CONVERSION = YES;
				CLANG_WARN_INFINITE_RECURSION = YES;
				CLANG_WARN_INT_CONVERSION = YES;
				CLANG_WARN_NON_LITERAL_NULL_CONVERSION = YES;
				CLANG_WARN_OBJC_IMPLICIT_RETAIN_SELF = YES;
				CLANG_WARN_OBJC_LITERAL_CONVERSION = YES;
				CLANG_WARN_OBJC_ROOT_CLASS = YES_ERROR;
				CLANG_WARN_RANGE_LOOP_ANALYSIS = YES;
				CLANG_WARN_STRICT_PROTOTYPES = YES;
				CLANG_WARN_SUSPICIOUS_MOVE = YES;
				CLANG_WARN_UNGUARDED_AVAILABILITY = YES_AGGRESSIVE;
				CLANG_WARN_UNREACHABLE_CODE = YES;
				CLANG_WARN__DUPLICATE_METHOD_MATCH = YES;
				COPY_PHASE_STRIP = NO;
				DEBUG_INFORMATION_FORMAT = dwarf;
				ENABLE_STRICT_OBJC_MSGSEND = YES;
				ENABLE_TESTABILITY = YES;
				GCC_C_LANGUAGE_STANDARD = gnu11;
				GCC_DYNAMIC_NO_PIC = NO;
				GCC_NO_COMMON_BLOCKS = YES;
				GCC_OPTIMIZATION_LEVEL = 0;
				GCC_PREPROCESSOR_DEFINITIONS = (
					"DEBUG=1",
					"$(inherited)",
				);
				GCC_WARN_64_TO_32_BIT_CONVERSION = YES;
				GCC_WARN_ABOUT_RETURN_TYPE = YES_ERROR;
				GCC_WARN_UNDECLARED_SELECTOR = YES;
				GCC_WARN_UNINITIALIZED_AUTOS = YES_AGGRESSIVE;
				GCC_WARN_UNUSED_FUNCTION = YES;
				GCC_WARN_UNUSED_VARIABLE = YES;
				MACOSX_DEPLOYMENT_TARGET = 10.15;
				MTL_ENABLE_DEBUG_INFO = INCLUDE_SOURCE;
				MTL_FAST_MATH = YES;
				ONLY_ACTIVE_ARCH = YES;
				SDKROOT = macosx;
				SWIFT_ACTIVE_COMPILATION_CONDITIONS = DEBUG;
				SWIFT_OPTIMIZATION_LEVEL = "-Onone";
			};
			name = Debug;
		};
		22A6E8B32439FECE0091C295 /* Release */ = {
			isa = XCBuildConfiguration;
			buildSettings = {
				ALWAYS_SEARCH_USER_PATHS = NO;
				CLANG_ANALYZER_NONNULL = YES;
				CLANG_ANALYZER_NUMBER_OBJECT_CONVERSION = YES_AGGRESSIVE;
				CLANG_CXX_LANGUAGE_STANDARD = "gnu++14";
				CLANG_CXX_LIBRARY = "libc++";
				CLANG_ENABLE_MODULES = YES;
				CLANG_ENABLE_OBJC_ARC = YES;
				CLANG_ENABLE_OBJC_WEAK = YES;
				CLANG_WARN_BLOCK_CAPTURE_AUTORELEASING = YES;
				CLANG_WARN_BOOL_CONVERSION = YES;
				CLANG_WARN_COMMA = YES;
				CLANG_WARN_CONSTANT_CONVERSION = YES;
				CLANG_WARN_DEPRECATED_OBJC_IMPLEMENTATIONS = YES;
				CLANG_WARN_DIRECT_OBJC_ISA_USAGE = YES_ERROR;
				CLANG_WARN_DOCUMENTATION_COMMENTS = YES;
				CLANG_WARN_EMPTY_BODY = YES;
				CLANG_WARN_ENUM_CONVERSION = YES;
				CLANG_WARN_INFINITE_RECURSION = YES;
				CLANG_WARN_INT_CONVERSION = YES;
				CLANG_WARN_NON_LITERAL_NULL_CONVERSION = YES;
				CLANG_WARN_OBJC_IMPLICIT_RETAIN_SELF = YES;
				CLANG_WARN_OBJC_LITERAL_CONVERSION = YES;
				CLANG_WARN_OBJC_ROOT_CLASS = YES_ERROR;
				CLANG_WARN_RANGE_LOOP_ANALYSIS = YES;
				CLANG_WARN_STRICT_PROTOTYPES = YES;
				CLANG_WARN_SUSPICIOUS_MOVE = YES;
				CLANG_WARN_UNGUARDED_AVAILABILITY = YES_AGGRESSIVE;
				CLANG_WARN_UNREACHABLE_CODE = YES;
				CLANG_WARN__DUPLICATE_METHOD_MATCH = YES;
				COPY_PHASE_STRIP = NO;
				DEBUG_INFORMATION_FORMAT = "dwarf-with-dsym";
				ENABLE_NS_ASSERTIONS = NO;
				ENABLE_STRICT_OBJC_MSGSEND = YES;
				GCC_C_LANGUAGE_STANDARD = gnu11;
				GCC_NO_COMMON_BLOCKS = YES;
				GCC_WARN_64_TO_32_BIT_CONVERSION = YES;
				GCC_WARN_ABOUT_RETURN_TYPE = YES_ERROR;
				GCC_WARN_UNDECLARED_SELECTOR = YES;
				GCC_WARN_UNINITIALIZED_AUTOS = YES_AGGRESSIVE;
				GCC_WARN_UNUSED_FUNCTION = YES;
				GCC_WARN_UNUSED_VARIABLE = YES;
				MACOSX_DEPLOYMENT_TARGET = 10.15;
				MTL_ENABLE_DEBUG_INFO = NO;
				MTL_FAST_MATH = YES;
				SDKROOT = macosx;
				SWIFT_COMPILATION_MODE = wholemodule;
				SWIFT_OPTIMIZATION_LEVEL = "-O";
			};
			name = Release;
		};
		22A6E8B52439FECE0091C295 /* Debug */ = {
			isa = XCBuildConfiguration;
			buildSettings = {
				CODE_SIGN_ENTITLEMENTS = MIDIAnalyser/MIDIAnalyser.entitlements;
				CODE_SIGN_STYLE = Automatic;
				COMBINE_HIDPI_IMAGES = YES;
				FRAMEWORK_SEARCH_PATHS = (
					"$(inherited)",
					"$(PROJECT_DIR)/MIDIAnalyser",
				);
				INFOPLIST_FILE = MIDIAnalyser/Info.plist;
				LD_RUNPATH_SEARCH_PATHS = (
					"$(inherited)",
					"@executable_path/../Frameworks",
				);
				MARKETING_VERSION = 2.0.0;
				OTHER_LDFLAGS = "-lc++";
				PRODUCT_BUNDLE_IDENTIFIER = timbrewis.MIDIAnalyser;
				PRODUCT_NAME = "$(TARGET_NAME)";
				SWIFT_VERSION = 5.0;
			};
			name = Debug;
		};
		22A6E8B62439FECE0091C295 /* Release */ = {
			isa = XCBuildConfiguration;
			buildSettings = {
				CODE_SIGN_ENTITLEMENTS = MIDIAnalyser/MIDIAnalyser.entitlements;
				CODE_SIGN_STYLE = Automatic;
				COMBINE_HIDPI_IMAGES = YES;
				FRAMEWORK_SEARCH_PATHS = (
					"$(inherited)",
					"$(PROJECT_DIR)/MIDIAnalyser",
				);
				INFOPLIST_FILE = MIDIAnalyser/Info.plist;
				LD_RUNPATH_SEARCH_PATHS = (
					"$(inherited)",
					"@executable_path/../Frameworks",
				);
				MARKETING_VERSION = 2.0.0;
				OTHER_LDFLAGS = "-lc++";
				PRODUCT_BUNDLE_IDENTIFIER = timbrewis.MIDIAnalyser;
				PRODUCT_NAME = "$(TARGET_NAME)";
				SWIFT_VERSION = 5.0;
			};
			name = Release;
		};
/* End XCBuildConfiguration section */

/* Begin XCConfigurationList section */
		22A6E8862439FECD0091C295 /* Build configuration list for PBXProject "MIDIAnalyser" */ = {
			isa = XCConfigurationList;
			buildConfigurations = (
				22A6E8B22439FECE0091C295 /* Debug */,
				22A6E8B32439FECE0091C295 /* Release */,
			);
			defaultConfigurationIsVisible = 0;
			defaultConfigurationName = Release;
		};
		22A6E8B42439FECE0091C295 /* Build configuration list for PBXNativeTarget "MIDIAnalyser" */ = {
			isa = XCConfigurationList;
			buildConfigurations = (
				22A6E8B52439FECE0091C295 /* Debug */,
				22A6E8B62439FECE0091C295 /* Release */,
			);
			defaultConfigurationIsVisible = 0;
			defaultConfigurationName = Release;
		};
/* End XCConfigurationList section */

/* Begin XCVersionGroup section */
		22A6E8922439FECD0091C295 /* MIDIAnalyser.xcdatamodeld */ = {
			isa = XCVersionGroup;
			children = (
				22A6E8932439FECD0091C295 /* MIDIAnalyser.xcdatamodel */,
			);
			currentVersion = 22A6E8932439FECD0091C295 /* MIDIAnalyser.xcdatamodel */;
			path = MIDIAnalyser.xcdatamodeld;
			sourceTree = "<group>";
			versionGroupType = wrapper.xcdatamodel;
		};
/* End XCVersionGroup section */
	};
	rootObject = 22A6E8832439FECD0091C295 /* Project object */;
}
