// !$*UTF8*$!
{
	archiveVersion = 1;
	classes = {
	};
	objectVersion = 50;
	objects = {

/* Begin PBXBuildFile section */
		2250377124AF66AC003E28AD /* AppDelegate.swift in Sources */ = {isa = PBXBuildFile; fileRef = 2250377024AF66AC003E28AD /* AppDelegate.swift */; };
		2250377624AF66AC003E28AD /* MIDIAnalyser.xcdatamodeld in Sources */ = {isa = PBXBuildFile; fileRef = 2250377424AF66AC003E28AD /* MIDIAnalyser.xcdatamodeld */; };
		2250377824AF66B0003E28AD /* Assets.xcassets in Resources */ = {isa = PBXBuildFile; fileRef = 2250377724AF66B0003E28AD /* Assets.xcassets */; };
		225037A424AF6843003E28AD /* main.swift in Sources */ = {isa = PBXBuildFile; fileRef = 225037A324AF6843003E28AD /* main.swift */; };
/* End PBXBuildFile section */

/* Begin PBXContainerItemProxy section */
		2250378324AF66B1003E28AD /* PBXContainerItemProxy */ = {
			isa = PBXContainerItemProxy;
			containerPortal = 2250376524AF66AC003E28AD /* Project object */;
			proxyType = 1;
			remoteGlobalIDString = 2250376C24AF66AC003E28AD;
			remoteInfo = MIDIAnalyser;
		};
		2250378E24AF66B1003E28AD /* PBXContainerItemProxy */ = {
			isa = PBXContainerItemProxy;
			containerPortal = 2250376524AF66AC003E28AD /* Project object */;
			proxyType = 1;
			remoteGlobalIDString = 2250376C24AF66AC003E28AD;
			remoteInfo = MIDIAnalyser;
		};
/* End PBXContainerItemProxy section */

/* Begin PBXFileReference section */
		2250376D24AF66AC003E28AD /* MIDIAnalyser.app */ = {isa = PBXFileReference; explicitFileType = wrapper.application; includeInIndex = 0; path = MIDIAnalyser.app; sourceTree = BUILT_PRODUCTS_DIR; };
		2250377024AF66AC003E28AD /* AppDelegate.swift */ = {isa = PBXFileReference; lastKnownFileType = sourcecode.swift; path = AppDelegate.swift; sourceTree = "<group>"; };
		2250377524AF66AC003E28AD /* MIDIAnalyser.xcdatamodel */ = {isa = PBXFileReference; lastKnownFileType = wrapper.xcdatamodel; path = MIDIAnalyser.xcdatamodel; sourceTree = "<group>"; };
		2250377724AF66B0003E28AD /* Assets.xcassets */ = {isa = PBXFileReference; lastKnownFileType = folder.assetcatalog; path = Assets.xcassets; sourceTree = "<group>"; };
		2250377C24AF66B0003E28AD /* Info.plist */ = {isa = PBXFileReference; lastKnownFileType = text.plist.xml; path = Info.plist; sourceTree = "<group>"; };
		2250377D24AF66B0003E28AD /* MIDIAnalyser.entitlements */ = {isa = PBXFileReference; lastKnownFileType = text.plist.entitlements; path = MIDIAnalyser.entitlements; sourceTree = "<group>"; };
		2250378224AF66B1003E28AD /* MIDIAnalyserTests.xctest */ = {isa = PBXFileReference; explicitFileType = wrapper.cfbundle; includeInIndex = 0; path = MIDIAnalyserTests.xctest; sourceTree = BUILT_PRODUCTS_DIR; };
		2250378D24AF66B1003E28AD /* MIDIAnalyserUITests.xctest */ = {isa = PBXFileReference; explicitFileType = wrapper.cfbundle; includeInIndex = 0; path = MIDIAnalyserUITests.xctest; sourceTree = BUILT_PRODUCTS_DIR; };
		225037A324AF6843003E28AD /* main.swift */ = {isa = PBXFileReference; lastKnownFileType = sourcecode.swift; path = main.swift; sourceTree = "<group>"; };
/* End PBXFileReference section */

/* Begin PBXFrameworksBuildPhase section */
		2250376A24AF66AC003E28AD /* Frameworks */ = {
			isa = PBXFrameworksBuildPhase;
			buildActionMask = 2147483647;
			files = (
			);
			runOnlyForDeploymentPostprocessing = 0;
		};
		2250377F24AF66B1003E28AD /* Frameworks */ = {
			isa = PBXFrameworksBuildPhase;
			buildActionMask = 2147483647;
			files = (
			);
			runOnlyForDeploymentPostprocessing = 0;
		};
		2250378A24AF66B1003E28AD /* Frameworks */ = {
			isa = PBXFrameworksBuildPhase;
			buildActionMask = 2147483647;
			files = (
			);
			runOnlyForDeploymentPostprocessing = 0;
		};
/* End PBXFrameworksBuildPhase section */

/* Begin PBXGroup section */
		2250376424AF66AC003E28AD = {
			isa = PBXGroup;
			children = (
				2250376F24AF66AC003E28AD /* MIDIAnalyser */,
				2250376E24AF66AC003E28AD /* Products */,
			);
			sourceTree = "<group>";
		};
		2250376E24AF66AC003E28AD /* Products */ = {
			isa = PBXGroup;
			children = (
				2250376D24AF66AC003E28AD /* MIDIAnalyser.app */,
				2250378224AF66B1003E28AD /* MIDIAnalyserTests.xctest */,
				2250378D24AF66B1003E28AD /* MIDIAnalyserUITests.xctest */,
			);
			name = Products;
			sourceTree = "<group>";
		};
		2250376F24AF66AC003E28AD /* MIDIAnalyser */ = {
			isa = PBXGroup;
			children = (
				2250377024AF66AC003E28AD /* AppDelegate.swift */,
				2250377724AF66B0003E28AD /* Assets.xcassets */,
				2250377C24AF66B0003E28AD /* Info.plist */,
				2250377D24AF66B0003E28AD /* MIDIAnalyser.entitlements */,
				2250377424AF66AC003E28AD /* MIDIAnalyser.xcdatamodeld */,
				225037A324AF6843003E28AD /* main.swift */,
			);
			path = MIDIAnalyser;
			sourceTree = "<group>";
		};
/* End PBXGroup section */

/* Begin PBXNativeTarget section */
		2250376C24AF66AC003E28AD /* MIDIAnalyser */ = {
			isa = PBXNativeTarget;
			buildConfigurationList = 2250379624AF66B1003E28AD /* Build configuration list for PBXNativeTarget "MIDIAnalyser" */;
			buildPhases = (
				2250376924AF66AC003E28AD /* Sources */,
				2250376A24AF66AC003E28AD /* Frameworks */,
				2250376B24AF66AC003E28AD /* Resources */,
			);
			buildRules = (
			);
			dependencies = (
			);
			name = MIDIAnalyser;
			productName = MIDIAnalyser;
			productReference = 2250376D24AF66AC003E28AD /* MIDIAnalyser.app */;
			productType = "com.apple.product-type.application";
		};
		2250378124AF66B1003E28AD /* MIDIAnalyserTests */ = {
			isa = PBXNativeTarget;
			buildConfigurationList = 2250379924AF66B1003E28AD /* Build configuration list for PBXNativeTarget "MIDIAnalyserTests" */;
			buildPhases = (
				2250377E24AF66B1003E28AD /* Sources */,
				2250377F24AF66B1003E28AD /* Frameworks */,
				2250378024AF66B1003E28AD /* Resources */,
			);
			buildRules = (
			);
			dependencies = (
				2250378424AF66B1003E28AD /* PBXTargetDependency */,
			);
			name = MIDIAnalyserTests;
			productName = MIDIAnalyserTests;
			productReference = 2250378224AF66B1003E28AD /* MIDIAnalyserTests.xctest */;
			productType = "com.apple.product-type.bundle.unit-test";
		};
		2250378C24AF66B1003E28AD /* MIDIAnalyserUITests */ = {
			isa = PBXNativeTarget;
			buildConfigurationList = 2250379C24AF66B1003E28AD /* Build configuration list for PBXNativeTarget "MIDIAnalyserUITests" */;
			buildPhases = (
				2250378924AF66B1003E28AD /* Sources */,
				2250378A24AF66B1003E28AD /* Frameworks */,
				2250378B24AF66B1003E28AD /* Resources */,
			);
			buildRules = (
			);
			dependencies = (
				2250378F24AF66B1003E28AD /* PBXTargetDependency */,
			);
			name = MIDIAnalyserUITests;
			productName = MIDIAnalyserUITests;
			productReference = 2250378D24AF66B1003E28AD /* MIDIAnalyserUITests.xctest */;
			productType = "com.apple.product-type.bundle.ui-testing";
		};
/* End PBXNativeTarget section */

/* Begin PBXProject section */
		2250376524AF66AC003E28AD /* Project object */ = {
			isa = PBXProject;
			attributes = {
				LastSwiftUpdateCheck = 1150;
				LastUpgradeCheck = 1150;
				ORGANIZATIONNAME = "Tim Brewis";
				TargetAttributes = {
					2250376C24AF66AC003E28AD = {
						CreatedOnToolsVersion = 11.5;
					};
					2250378124AF66B1003E28AD = {
						CreatedOnToolsVersion = 11.5;
						TestTargetID = 2250376C24AF66AC003E28AD;
					};
					2250378C24AF66B1003E28AD = {
						CreatedOnToolsVersion = 11.5;
						TestTargetID = 2250376C24AF66AC003E28AD;
					};
				};
			};
			buildConfigurationList = 2250376824AF66AC003E28AD /* Build configuration list for PBXProject "MIDIAnalyser" */;
			compatibilityVersion = "Xcode 9.3";
			developmentRegion = en;
			hasScannedForEncodings = 0;
			knownRegions = (
				en,
				Base,
			);
			mainGroup = 2250376424AF66AC003E28AD;
			productRefGroup = 2250376E24AF66AC003E28AD /* Products */;
			projectDirPath = "";
			projectRoot = "";
			targets = (
				2250376C24AF66AC003E28AD /* MIDIAnalyser */,
				2250378124AF66B1003E28AD /* MIDIAnalyserTests */,
				2250378C24AF66B1003E28AD /* MIDIAnalyserUITests */,
			);
		};
/* End PBXProject section */

/* Begin PBXResourcesBuildPhase section */
		2250376B24AF66AC003E28AD /* Resources */ = {
			isa = PBXResourcesBuildPhase;
			buildActionMask = 2147483647;
			files = (
				2250377824AF66B0003E28AD /* Assets.xcassets in Resources */,
			);
			runOnlyForDeploymentPostprocessing = 0;
		};
		2250378024AF66B1003E28AD /* Resources */ = {
			isa = PBXResourcesBuildPhase;
			buildActionMask = 2147483647;
			files = (
			);
			runOnlyForDeploymentPostprocessing = 0;
		};
		2250378B24AF66B1003E28AD /* Resources */ = {
			isa = PBXResourcesBuildPhase;
			buildActionMask = 2147483647;
			files = (
			);
			runOnlyForDeploymentPostprocessing = 0;
		};
/* End PBXResourcesBuildPhase section */

/* Begin PBXSourcesBuildPhase section */
		2250376924AF66AC003E28AD /* Sources */ = {
			isa = PBXSourcesBuildPhase;
			buildActionMask = 2147483647;
			files = (
				2250377124AF66AC003E28AD /* AppDelegate.swift in Sources */,
				2250377624AF66AC003E28AD /* MIDIAnalyser.xcdatamodeld in Sources */,
				225037A424AF6843003E28AD /* main.swift in Sources */,
			);
			runOnlyForDeploymentPostprocessing = 0;
		};
		2250377E24AF66B1003E28AD /* Sources */ = {
			isa = PBXSourcesBuildPhase;
			buildActionMask = 2147483647;
			files = (
			);
			runOnlyForDeploymentPostprocessing = 0;
		};
		2250378924AF66B1003E28AD /* Sources */ = {
			isa = PBXSourcesBuildPhase;
			buildActionMask = 2147483647;
			files = (
			);
			runOnlyForDeploymentPostprocessing = 0;
		};
/* End PBXSourcesBuildPhase section */

/* Begin PBXTargetDependency section */
		2250378424AF66B1003E28AD /* PBXTargetDependency */ = {
			isa = PBXTargetDependency;
			target = 2250376C24AF66AC003E28AD /* MIDIAnalyser */;
			targetProxy = 2250378324AF66B1003E28AD /* PBXContainerItemProxy */;
		};
		2250378F24AF66B1003E28AD /* PBXTargetDependency */ = {
			isa = PBXTargetDependency;
			target = 2250376C24AF66AC003E28AD /* MIDIAnalyser */;
			targetProxy = 2250378E24AF66B1003E28AD /* PBXContainerItemProxy */;
		};
/* End PBXTargetDependency section */

/* Begin XCBuildConfiguration section */
		2250379424AF66B1003E28AD /* Debug */ = {
			isa = XCBuildConfiguration;
			buildSettings = {
				ALWAYS_SEARCH_USER_PATHS = NO;
				CLANG_ANALYZER_NONNULL = YES;
				CLANG_ANALYZER_NUMBER_OBJECT_CONVERSION = YES_AGGRESSIVE;
				CLANG_CXX_LANGUAGE_STANDARD = "gnu++14";
				CLANG_CXX_LIBRARY = "libc++";
				CLANG_ENABLE_MODULES = YES;
				CLANG_ENABLE_OBJC_ARC = YES;
				CLANG_ENABLE_OBJC_WEAK = YES;
				CLANG_WARN_BLOCK_CAPTURE_AUTORELEASING = YES;
				CLANG_WARN_BOOL_CONVERSION = YES;
				CLANG_WARN_COMMA = YES;
				CLANG_WARN_CONSTANT_CONVERSION = YES;
				CLANG_WARN_DEPRECATED_OBJC_IMPLEMENTATIONS = YES;
				CLANG_WARN_DIRECT_OBJC_ISA_USAGE = YES_ERROR;
				CLANG_WARN_DOCUMENTATION_COMMENTS = YES;
				CLANG_WARN_EMPTY_BODY = YES;
				CLANG_WARN_ENUM_CONVERSION = YES;
				CLANG_WARN_INFINITE_RECURSION = YES;
				CLANG_WARN_INT_CONVERSION = YES;
				CLANG_WARN_NON_LITERAL_NULL_CONVERSION = YES;
				CLANG_WARN_OBJC_IMPLICIT_RETAIN_SELF = YES;
				CLANG_WARN_OBJC_LITERAL_CONVERSION = YES;
				CLANG_WARN_OBJC_ROOT_CLASS = YES_ERROR;
				CLANG_WARN_RANGE_LOOP_ANALYSIS = YES;
				CLANG_WARN_STRICT_PROTOTYPES = YES;
				CLANG_WARN_SUSPICIOUS_MOVE = YES;
				CLANG_WARN_UNGUARDED_AVAILABILITY = YES_AGGRESSIVE;
				CLANG_WARN_UNREACHABLE_CODE = YES;
				CLANG_WARN__DUPLICATE_METHOD_MATCH = YES;
				COPY_PHASE_STRIP = NO;
				DEBUG_INFORMATION_FORMAT = dwarf;
				ENABLE_STRICT_OBJC_MSGSEND = YES;
				ENABLE_TESTABILITY = YES;
				GCC_C_LANGUAGE_STANDARD = gnu11;
				GCC_DYNAMIC_NO_PIC = NO;
				GCC_NO_COMMON_BLOCKS = YES;
				GCC_OPTIMIZATION_LEVEL = 0;
				GCC_PREPROCESSOR_DEFINITIONS = (
					"DEBUG=1",
					"$(inherited)",
				);
				GCC_WARN_64_TO_32_BIT_CONVERSION = YES;
				GCC_WARN_ABOUT_RETURN_TYPE = YES_ERROR;
				GCC_WARN_UNDECLARED_SELECTOR = YES;
				GCC_WARN_UNINITIALIZED_AUTOS = YES_AGGRESSIVE;
				GCC_WARN_UNUSED_FUNCTION = YES;
				GCC_WARN_UNUSED_VARIABLE = YES;
				MACOSX_DEPLOYMENT_TARGET = 10.15;
				MTL_ENABLE_DEBUG_INFO = INCLUDE_SOURCE;
				MTL_FAST_MATH = YES;
				ONLY_ACTIVE_ARCH = YES;
				SDKROOT = macosx;
				SWIFT_ACTIVE_COMPILATION_CONDITIONS = DEBUG;
				SWIFT_OPTIMIZATION_LEVEL = "-Onone";
			};
			name = Debug;
		};
		2250379524AF66B1003E28AD /* Release */ = {
			isa = XCBuildConfiguration;
			buildSettings = {
				ALWAYS_SEARCH_USER_PATHS = NO;
				CLANG_ANALYZER_NONNULL = YES;
				CLANG_ANALYZER_NUMBER_OBJECT_CONVERSION = YES_AGGRESSIVE;
				CLANG_CXX_LANGUAGE_STANDARD = "gnu++14";
				CLANG_CXX_LIBRARY = "libc++";
				CLANG_ENABLE_MODULES = YES;
				CLANG_ENABLE_OBJC_ARC = YES;
				CLANG_ENABLE_OBJC_WEAK = YES;
				CLANG_WARN_BLOCK_CAPTURE_AUTORELEASING = YES;
				CLANG_WARN_BOOL_CONVERSION = YES;
				CLANG_WARN_COMMA = YES;
				CLANG_WARN_CONSTANT_CONVERSION = YES;
				CLANG_WARN_DEPRECATED_OBJC_IMPLEMENTATIONS = YES;
				CLANG_WARN_DIRECT_OBJC_ISA_USAGE = YES_ERROR;
				CLANG_WARN_DOCUMENTATION_COMMENTS = YES;
				CLANG_WARN_EMPTY_BODY = YES;
				CLANG_WARN_ENUM_CONVERSION = YES;
				CLANG_WARN_INFINITE_RECURSION = YES;
				CLANG_WARN_INT_CONVERSION = YES;
				CLANG_WARN_NON_LITERAL_NULL_CONVERSION = YES;
				CLANG_WARN_OBJC_IMPLICIT_RETAIN_SELF = YES;
				CLANG_WARN_OBJC_LITERAL_CONVERSION = YES;
				CLANG_WARN_OBJC_ROOT_CLASS = YES_ERROR;
				CLANG_WARN_RANGE_LOOP_ANALYSIS = YES;
				CLANG_WARN_STRICT_PROTOTYPES = YES;
				CLANG_WARN_SUSPICIOUS_MOVE = YES;
				CLANG_WARN_UNGUARDED_AVAILABILITY = YES_AGGRESSIVE;
				CLANG_WARN_UNREACHABLE_CODE = YES;
				CLANG_WARN__DUPLICATE_METHOD_MATCH = YES;
				COPY_PHASE_STRIP = NO;
				DEBUG_INFORMATION_FORMAT = "dwarf-with-dsym";
				ENABLE_NS_ASSERTIONS = NO;
				ENABLE_STRICT_OBJC_MSGSEND = YES;
				GCC_C_LANGUAGE_STANDARD = gnu11;
				GCC_NO_COMMON_BLOCKS = YES;
				GCC_WARN_64_TO_32_BIT_CONVERSION = YES;
				GCC_WARN_ABOUT_RETURN_TYPE = YES_ERROR;
				GCC_WARN_UNDECLARED_SELECTOR = YES;
				GCC_WARN_UNINITIALIZED_AUTOS = YES_AGGRESSIVE;
				GCC_WARN_UNUSED_FUNCTION = YES;
				GCC_WARN_UNUSED_VARIABLE = YES;
				MACOSX_DEPLOYMENT_TARGET = 10.15;
				MTL_ENABLE_DEBUG_INFO = NO;
				MTL_FAST_MATH = YES;
				SDKROOT = macosx;
				SWIFT_COMPILATION_MODE = wholemodule;
				SWIFT_OPTIMIZATION_LEVEL = "-O";
			};
			name = Release;
		};
		2250379724AF66B1003E28AD /* Debug */ = {
			isa = XCBuildConfiguration;
			buildSettings = {
				ASSETCATALOG_COMPILER_APPICON_NAME = AppIcon;
				CODE_SIGN_ENTITLEMENTS = MIDIAnalyser/MIDIAnalyser.entitlements;
				CODE_SIGN_STYLE = Automatic;
				COMBINE_HIDPI_IMAGES = YES;
				DEVELOPMENT_TEAM = GHV2RXZG6M;
				ENABLE_HARDENED_RUNTIME = YES;
				INFOPLIST_FILE = MIDIAnalyser/Info.plist;
				LD_RUNPATH_SEARCH_PATHS = (
					"$(inherited)",
					"@executable_path/../Frameworks",
				);
				PRODUCT_BUNDLE_IDENTIFIER = timbrewis.MIDIAnalyser;
				PRODUCT_NAME = "$(TARGET_NAME)";
				SWIFT_VERSION = 5.0;
			};
			name = Debug;
		};
		2250379824AF66B1003E28AD /* Release */ = {
			isa = XCBuildConfiguration;
			buildSettings = {
				ASSETCATALOG_COMPILER_APPICON_NAME = AppIcon;
				CODE_SIGN_ENTITLEMENTS = MIDIAnalyser/MIDIAnalyser.entitlements;
				CODE_SIGN_STYLE = Automatic;
				COMBINE_HIDPI_IMAGES = YES;
				DEVELOPMENT_TEAM = GHV2RXZG6M;
				ENABLE_HARDENED_RUNTIME = YES;
				INFOPLIST_FILE = MIDIAnalyser/Info.plist;
				LD_RUNPATH_SEARCH_PATHS = (
					"$(inherited)",
					"@executable_path/../Frameworks",
				);
				PRODUCT_BUNDLE_IDENTIFIER = timbrewis.MIDIAnalyser;
				PRODUCT_NAME = "$(TARGET_NAME)";
				SWIFT_VERSION = 5.0;
			};
			name = Release;
		};
		2250379A24AF66B1003E28AD /* Debug */ = {
			isa = XCBuildConfiguration;
			buildSettings = {
				ALWAYS_EMBED_SWIFT_STANDARD_LIBRARIES = YES;
				BUNDLE_LOADER = "$(TEST_HOST)";
				CODE_SIGN_STYLE = Automatic;
				COMBINE_HIDPI_IMAGES = YES;
				DEVELOPMENT_TEAM = GHV2RXZG6M;
				INFOPLIST_FILE = MIDIAnalyserTests/Info.plist;
				LD_RUNPATH_SEARCH_PATHS = (
					"$(inherited)",
					"@executable_path/../Frameworks",
					"@loader_path/../Frameworks",
				);
				MACOSX_DEPLOYMENT_TARGET = 10.15;
				PRODUCT_BUNDLE_IDENTIFIER = timbrewis.MIDIAnalyserTests;
				PRODUCT_NAME = "$(TARGET_NAME)";
				SWIFT_VERSION = 5.0;
				TEST_HOST = "$(BUILT_PRODUCTS_DIR)/MIDIAnalyser.app/Contents/MacOS/MIDIAnalyser";
			};
			name = Debug;
		};
		2250379B24AF66B1003E28AD /* Release */ = {
			isa = XCBuildConfiguration;
			buildSettings = {
				ALWAYS_EMBED_SWIFT_STANDARD_LIBRARIES = YES;
				BUNDLE_LOADER = "$(TEST_HOST)";
				CODE_SIGN_STYLE = Automatic;
				COMBINE_HIDPI_IMAGES = YES;
				DEVELOPMENT_TEAM = GHV2RXZG6M;
				INFOPLIST_FILE = MIDIAnalyserTests/Info.plist;
				LD_RUNPATH_SEARCH_PATHS = (
					"$(inherited)",
					"@executable_path/../Frameworks",
					"@loader_path/../Frameworks",
				);
				MACOSX_DEPLOYMENT_TARGET = 10.15;
				PRODUCT_BUNDLE_IDENTIFIER = timbrewis.MIDIAnalyserTests;
				PRODUCT_NAME = "$(TARGET_NAME)";
				SWIFT_VERSION = 5.0;
				TEST_HOST = "$(BUILT_PRODUCTS_DIR)/MIDIAnalyser.app/Contents/MacOS/MIDIAnalyser";
			};
			name = Release;
		};
		2250379D24AF66B1003E28AD /* Debug */ = {
			isa = XCBuildConfiguration;
			buildSettings = {
				ALWAYS_EMBED_SWIFT_STANDARD_LIBRARIES = YES;
				CODE_SIGN_STYLE = Automatic;
				COMBINE_HIDPI_IMAGES = YES;
				DEVELOPMENT_TEAM = GHV2RXZG6M;
				INFOPLIST_FILE = MIDIAnalyserUITests/Info.plist;
				LD_RUNPATH_SEARCH_PATHS = (
					"$(inherited)",
					"@executable_path/../Frameworks",
					"@loader_path/../Frameworks",
				);
				PRODUCT_BUNDLE_IDENTIFIER = timbrewis.MIDIAnalyserUITests;
				PRODUCT_NAME = "$(TARGET_NAME)";
				SWIFT_VERSION = 5.0;
				TEST_TARGET_NAME = MIDIAnalyser;
			};
			name = Debug;
		};
		2250379E24AF66B1003E28AD /* Release */ = {
			isa = XCBuildConfiguration;
			buildSettings = {
				ALWAYS_EMBED_SWIFT_STANDARD_LIBRARIES = YES;
				CODE_SIGN_STYLE = Automatic;
				COMBINE_HIDPI_IMAGES = YES;
				DEVELOPMENT_TEAM = GHV2RXZG6M;
				INFOPLIST_FILE = MIDIAnalyserUITests/Info.plist;
				LD_RUNPATH_SEARCH_PATHS = (
					"$(inherited)",
					"@executable_path/../Frameworks",
					"@loader_path/../Frameworks",
				);
				PRODUCT_BUNDLE_IDENTIFIER = timbrewis.MIDIAnalyserUITests;
				PRODUCT_NAME = "$(TARGET_NAME)";
				SWIFT_VERSION = 5.0;
				TEST_TARGET_NAME = MIDIAnalyser;
			};
			name = Release;
		};
/* End XCBuildConfiguration section */

/* Begin XCConfigurationList section */
		2250376824AF66AC003E28AD /* Build configuration list for PBXProject "MIDIAnalyser" */ = {
			isa = XCConfigurationList;
			buildConfigurations = (
				2250379424AF66B1003E28AD /* Debug */,
				2250379524AF66B1003E28AD /* Release */,
			);
			defaultConfigurationIsVisible = 0;
			defaultConfigurationName = Release;
		};
		2250379624AF66B1003E28AD /* Build configuration list for PBXNativeTarget "MIDIAnalyser" */ = {
			isa = XCConfigurationList;
			buildConfigurations = (
				2250379724AF66B1003E28AD /* Debug */,
				2250379824AF66B1003E28AD /* Release */,
			);
			defaultConfigurationIsVisible = 0;
			defaultConfigurationName = Release;
		};
		2250379924AF66B1003E28AD /* Build configuration list for PBXNativeTarget "MIDIAnalyserTests" */ = {
			isa = XCConfigurationList;
			buildConfigurations = (
				2250379A24AF66B1003E28AD /* Debug */,
				2250379B24AF66B1003E28AD /* Release */,
			);
			defaultConfigurationIsVisible = 0;
			defaultConfigurationName = Release;
		};
		2250379C24AF66B1003E28AD /* Build configuration list for PBXNativeTarget "MIDIAnalyserUITests" */ = {
			isa = XCConfigurationList;
			buildConfigurations = (
				2250379D24AF66B1003E28AD /* Debug */,
				2250379E24AF66B1003E28AD /* Release */,
			);
			defaultConfigurationIsVisible = 0;
			defaultConfigurationName = Release;
		};
/* End XCConfigurationList section */

/* Begin XCVersionGroup section */
		2250377424AF66AC003E28AD /* MIDIAnalyser.xcdatamodeld */ = {
			isa = XCVersionGroup;
			children = (
				2250377524AF66AC003E28AD /* MIDIAnalyser.xcdatamodel */,
			);
			currentVersion = 2250377524AF66AC003E28AD /* MIDIAnalyser.xcdatamodel */;
			path = MIDIAnalyser.xcdatamodeld;
			sourceTree = "<group>";
			versionGroupType = wrapper.xcdatamodel;
		};
/* End XCVersionGroup section */
	};
	rootObject = 2250376524AF66AC003E28AD /* Project object */;
}
